// !$*UTF8*$!
{
	archiveVersion = 1;
	classes = {
	};
	objectVersion = 53;
	objects = {

/* Begin PBXBuildFile section */
		5916852718B2620C009981D8 /* LGErrors.m in Sources */ = {isa = PBXBuildFile; fileRef = 5916852618B2620C009981D8 /* LGErrors.m */; };
		5998D926197AAC5900F42A9B /* LGApplicationDelegate.m in Sources */ = {isa = PBXBuildFile; fileRef = 5998D925197AAC5900F42A9B /* LGApplicationDelegate.m */; };
		59A37D4418C3761900129997 /* ErrorSheet.xib in Resources */ = {isa = PBXBuildFile; fileRef = 59A37D4318C3761900129997 /* ErrorSheet.xib */; };
		59FE5E5018AA6A3D00DF81BE /* Cocoa.framework in Frameworks */ = {isa = PBXBuildFile; fileRef = 59FE5E4F18AA6A3D00DF81BE /* Cocoa.framework */; };
		59FE5E5A18AA6A3D00DF81BE /* InfoPlist.strings in Resources */ = {isa = PBXBuildFile; fileRef = 59FE5E5818AA6A3D00DF81BE /* InfoPlist.strings */; };
		59FE5E5C18AA6A3D00DF81BE /* main.m in Sources */ = {isa = PBXBuildFile; fileRef = 59FE5E5B18AA6A3D00DF81BE /* main.m */; };
		59FE5E6018AA6A3D00DF81BE /* Credits.rtf in Resources */ = {isa = PBXBuildFile; fileRef = 59FE5E5E18AA6A3D00DF81BE /* Credits.rtf */; };
		59FE5E6318AA6A3D00DF81BE /* LGDocument.m in Sources */ = {isa = PBXBuildFile; fileRef = 59FE5E6218AA6A3D00DF81BE /* LGDocument.m */; };
		59FE5E6618AA6A3D00DF81BE /* LGDocument.xib in Resources */ = {isa = PBXBuildFile; fileRef = 59FE5E6418AA6A3D00DF81BE /* LGDocument.xib */; };
		59FE5E6918AA6A3D00DF81BE /* MainMenu.xib in Resources */ = {isa = PBXBuildFile; fileRef = 59FE5E6718AA6A3D00DF81BE /* MainMenu.xib */; };
		59FE5E6B18AA6A3D00DF81BE /* Images.xcassets in Resources */ = {isa = PBXBuildFile; fileRef = 59FE5E6A18AA6A3D00DF81BE /* Images.xcassets */; };
		59FE5E7218AA6A3D00DF81BE /* XCTest.framework in Frameworks */ = {isa = PBXBuildFile; fileRef = 59FE5E7118AA6A3D00DF81BE /* XCTest.framework */; };
		59FE5E7318AA6A3D00DF81BE /* Cocoa.framework in Frameworks */ = {isa = PBXBuildFile; fileRef = 59FE5E4F18AA6A3D00DF81BE /* Cocoa.framework */; };
		59FE5E7B18AA6A3D00DF81BE /* InfoPlist.strings in Resources */ = {isa = PBXBuildFile; fileRef = 59FE5E7918AA6A3D00DF81BE /* InfoPlist.strings */; };
		59FE5E7D18AA6A3D00DF81BE /* LV_KonverterTests.m in Sources */ = {isa = PBXBuildFile; fileRef = 59FE5E7C18AA6A3D00DF81BE /* LV_KonverterTests.m */; };
		59FE5E9C18AA6AC000DF81BE /* LGMutableOrdinalNumber.m in Sources */ = {isa = PBXBuildFile; fileRef = 59FE5E8718AA6AC000DF81BE /* LGMutableOrdinalNumber.m */; };
		59FE5E9D18AA6AC000DF81BE /* LGNode.m in Sources */ = {isa = PBXBuildFile; fileRef = 59FE5E8918AA6AC000DF81BE /* LGNode.m */; };
		59FE5E9E18AA6AC000DF81BE /* LGOrdinalNumber.m in Sources */ = {isa = PBXBuildFile; fileRef = 59FE5E8B18AA6AC000DF81BE /* LGOrdinalNumber.m */; };
		59FE5E9F18AA6AC000DF81BE /* LGOrdinalNumberScheme.m in Sources */ = {isa = PBXBuildFile; fileRef = 59FE5E8D18AA6AC000DF81BE /* LGOrdinalNumberScheme.m */; };
		59FE5EA018AA6AC000DF81BE /* LGService.m in Sources */ = {isa = PBXBuildFile; fileRef = 59FE5E8F18AA6AC000DF81BE /* LGService.m */; };
		59FE5EA118AA6AC000DF81BE /* LGServiceDirectory.m in Sources */ = {isa = PBXBuildFile; fileRef = 59FE5E9118AA6AC000DF81BE /* LGServiceDirectory.m */; };
		59FE5EA218AA6AC000DF81BE /* LGServiceGroup.m in Sources */ = {isa = PBXBuildFile; fileRef = 59FE5E9318AA6AC000DF81BE /* LGServiceGroup.m */; };
		59FE5EA318AA6AC000DF81BE /* LGServiceType.m in Sources */ = {isa = PBXBuildFile; fileRef = 59FE5E9518AA6AC000DF81BE /* LGServiceType.m */; };
		59FE5EA418AA6AC000DF81BE /* LGSet.m in Sources */ = {isa = PBXBuildFile; fileRef = 59FE5E9718AA6AC000DF81BE /* LGSet.m */; };
		59FE5EA518AA6AC000DF81BE /* LGStack.m in Sources */ = {isa = PBXBuildFile; fileRef = 59FE5E9918AA6AC000DF81BE /* LGStack.m */; };
		59FE5EA618AA6AC000DF81BE /* NSArray+LGCSVParser.m in Sources */ = {isa = PBXBuildFile; fileRef = 59FE5E9B18AA6AC000DF81BE /* NSArray+LGCSVParser.m */; };
/* End PBXBuildFile section */

/* Begin PBXContainerItemProxy section */
		59FE5E7418AA6A3D00DF81BE /* PBXContainerItemProxy */ = {
			isa = PBXContainerItemProxy;
			containerPortal = 59FE5E4418AA6A3D00DF81BE /* Project object */;
			proxyType = 1;
			remoteGlobalIDString = 59FE5E4B18AA6A3D00DF81BE;
			remoteInfo = "LV Konverter";
		};
/* End PBXContainerItemProxy section */

/* Begin PBXFileReference section */
		5916852518B2620C009981D8 /* LGErrors.h */ = {isa = PBXFileReference; fileEncoding = 4; lastKnownFileType = sourcecode.c.h; path = LGErrors.h; sourceTree = "<group>"; };
		5916852618B2620C009981D8 /* LGErrors.m */ = {isa = PBXFileReference; fileEncoding = 4; lastKnownFileType = sourcecode.c.objc; path = LGErrors.m; sourceTree = "<group>"; };
		5998D924197AAC5900F42A9B /* LGApplicationDelegate.h */ = {isa = PBXFileReference; fileEncoding = 4; lastKnownFileType = sourcecode.c.h; path = LGApplicationDelegate.h; sourceTree = "<group>"; };
		5998D925197AAC5900F42A9B /* LGApplicationDelegate.m */ = {isa = PBXFileReference; fileEncoding = 4; lastKnownFileType = sourcecode.c.objc; path = LGApplicationDelegate.m; sourceTree = "<group>"; };
		59A37D4318C3761900129997 /* ErrorSheet.xib */ = {isa = PBXFileReference; fileEncoding = 4; lastKnownFileType = file.xib; path = ErrorSheet.xib; sourceTree = "<group>"; };
		59E492C718CF5A830032C9AB /* LGOrdinalNumberProtected.h */ = {isa = PBXFileReference; lastKnownFileType = sourcecode.c.h; path = LGOrdinalNumberProtected.h; sourceTree = "<group>"; };
		59FE5E4C18AA6A3D00DF81BE /* LV Konverter.app */ = {isa = PBXFileReference; explicitFileType = wrapper.application; includeInIndex = 0; path = "LV Konverter.app"; sourceTree = BUILT_PRODUCTS_DIR; };
		59FE5E4F18AA6A3D00DF81BE /* Cocoa.framework */ = {isa = PBXFileReference; lastKnownFileType = wrapper.framework; name = Cocoa.framework; path = System/Library/Frameworks/Cocoa.framework; sourceTree = SDKROOT; };
		59FE5E5218AA6A3D00DF81BE /* AppKit.framework */ = {isa = PBXFileReference; lastKnownFileType = wrapper.framework; name = AppKit.framework; path = System/Library/Frameworks/AppKit.framework; sourceTree = SDKROOT; };
		59FE5E5318AA6A3D00DF81BE /* CoreData.framework */ = {isa = PBXFileReference; lastKnownFileType = wrapper.framework; name = CoreData.framework; path = System/Library/Frameworks/CoreData.framework; sourceTree = SDKROOT; };
		59FE5E5418AA6A3D00DF81BE /* Foundation.framework */ = {isa = PBXFileReference; lastKnownFileType = wrapper.framework; name = Foundation.framework; path = System/Library/Frameworks/Foundation.framework; sourceTree = SDKROOT; };
		59FE5E5718AA6A3D00DF81BE /* LV Konverter-Info.plist */ = {isa = PBXFileReference; lastKnownFileType = text.plist.xml; path = "LV Konverter-Info.plist"; sourceTree = "<group>"; };
		59FE5E5918AA6A3D00DF81BE /* en */ = {isa = PBXFileReference; lastKnownFileType = text.plist.strings; name = en; path = en.lproj/InfoPlist.strings; sourceTree = "<group>"; };
		59FE5E5B18AA6A3D00DF81BE /* main.m */ = {isa = PBXFileReference; lastKnownFileType = sourcecode.c.objc; path = main.m; sourceTree = "<group>"; };
		59FE5E5D18AA6A3D00DF81BE /* LV Konverter-Prefix.pch */ = {isa = PBXFileReference; lastKnownFileType = sourcecode.c.h; path = "LV Konverter-Prefix.pch"; sourceTree = "<group>"; };
		59FE5E5F18AA6A3D00DF81BE /* en */ = {isa = PBXFileReference; lastKnownFileType = text.rtf; name = en; path = en.lproj/Credits.rtf; sourceTree = "<group>"; };
		59FE5E6118AA6A3D00DF81BE /* LGDocument.h */ = {isa = PBXFileReference; lastKnownFileType = sourcecode.c.h; path = LGDocument.h; sourceTree = "<group>"; };
		59FE5E6218AA6A3D00DF81BE /* LGDocument.m */ = {isa = PBXFileReference; lastKnownFileType = sourcecode.c.objc; path = LGDocument.m; sourceTree = "<group>"; };
		59FE5E6518AA6A3D00DF81BE /* Base */ = {isa = PBXFileReference; lastKnownFileType = file.xib; name = Base; path = Base.lproj/LGDocument.xib; sourceTree = "<group>"; };
		59FE5E6818AA6A3D00DF81BE /* Base */ = {isa = PBXFileReference; lastKnownFileType = file.xib; name = Base; path = Base.lproj/MainMenu.xib; sourceTree = "<group>"; };
		59FE5E6A18AA6A3D00DF81BE /* Images.xcassets */ = {isa = PBXFileReference; lastKnownFileType = folder.assetcatalog; path = Images.xcassets; sourceTree = "<group>"; };
		59FE5E7018AA6A3D00DF81BE /* LV KonverterTests.xctest */ = {isa = PBXFileReference; explicitFileType = wrapper.cfbundle; includeInIndex = 0; path = "LV KonverterTests.xctest"; sourceTree = BUILT_PRODUCTS_DIR; };
		59FE5E7118AA6A3D00DF81BE /* XCTest.framework */ = {isa = PBXFileReference; lastKnownFileType = wrapper.framework; name = XCTest.framework; path = Library/Frameworks/XCTest.framework; sourceTree = DEVELOPER_DIR; };
		59FE5E7818AA6A3D00DF81BE /* LV KonverterTests-Info.plist */ = {isa = PBXFileReference; lastKnownFileType = text.plist.xml; path = "LV KonverterTests-Info.plist"; sourceTree = "<group>"; };
		59FE5E7A18AA6A3D00DF81BE /* en */ = {isa = PBXFileReference; lastKnownFileType = text.plist.strings; name = en; path = en.lproj/InfoPlist.strings; sourceTree = "<group>"; };
		59FE5E7C18AA6A3D00DF81BE /* LV_KonverterTests.m */ = {isa = PBXFileReference; lastKnownFileType = sourcecode.c.objc; path = LV_KonverterTests.m; sourceTree = "<group>"; };
		59FE5E8618AA6AC000DF81BE /* LGMutableOrdinalNumber.h */ = {isa = PBXFileReference; fileEncoding = 4; lastKnownFileType = sourcecode.c.h; path = LGMutableOrdinalNumber.h; sourceTree = "<group>"; };
		59FE5E8718AA6AC000DF81BE /* LGMutableOrdinalNumber.m */ = {isa = PBXFileReference; fileEncoding = 4; lastKnownFileType = sourcecode.c.objc; path = LGMutableOrdinalNumber.m; sourceTree = "<group>"; };
		59FE5E8818AA6AC000DF81BE /* LGNode.h */ = {isa = PBXFileReference; fileEncoding = 4; lastKnownFileType = sourcecode.c.h; path = LGNode.h; sourceTree = "<group>"; };
		59FE5E8918AA6AC000DF81BE /* LGNode.m */ = {isa = PBXFileReference; fileEncoding = 4; lastKnownFileType = sourcecode.c.objc; path = LGNode.m; sourceTree = "<group>"; };
		59FE5E8A18AA6AC000DF81BE /* LGOrdinalNumber.h */ = {isa = PBXFileReference; fileEncoding = 4; lastKnownFileType = sourcecode.c.h; path = LGOrdinalNumber.h; sourceTree = "<group>"; };
		59FE5E8B18AA6AC000DF81BE /* LGOrdinalNumber.m */ = {isa = PBXFileReference; fileEncoding = 4; lastKnownFileType = sourcecode.c.objc; path = LGOrdinalNumber.m; sourceTree = "<group>"; };
		59FE5E8C18AA6AC000DF81BE /* LGOrdinalNumberScheme.h */ = {isa = PBXFileReference; fileEncoding = 4; lastKnownFileType = sourcecode.c.h; path = LGOrdinalNumberScheme.h; sourceTree = "<group>"; };
		59FE5E8D18AA6AC000DF81BE /* LGOrdinalNumberScheme.m */ = {isa = PBXFileReference; fileEncoding = 4; lastKnownFileType = sourcecode.c.objc; path = LGOrdinalNumberScheme.m; sourceTree = "<group>"; };
		59FE5E8E18AA6AC000DF81BE /* LGService.h */ = {isa = PBXFileReference; fileEncoding = 4; lastKnownFileType = sourcecode.c.h; path = LGService.h; sourceTree = "<group>"; };
		59FE5E8F18AA6AC000DF81BE /* LGService.m */ = {isa = PBXFileReference; fileEncoding = 4; lastKnownFileType = sourcecode.c.objc; path = LGService.m; sourceTree = "<group>"; };
		59FE5E9018AA6AC000DF81BE /* LGServiceDirectory.h */ = {isa = PBXFileReference; fileEncoding = 4; lastKnownFileType = sourcecode.c.h; path = LGServiceDirectory.h; sourceTree = "<group>"; };
		59FE5E9118AA6AC000DF81BE /* LGServiceDirectory.m */ = {isa = PBXFileReference; fileEncoding = 4; lastKnownFileType = sourcecode.c.objc; path = LGServiceDirectory.m; sourceTree = "<group>"; };
		59FE5E9218AA6AC000DF81BE /* LGServiceGroup.h */ = {isa = PBXFileReference; fileEncoding = 4; lastKnownFileType = sourcecode.c.h; path = LGServiceGroup.h; sourceTree = "<group>"; };
		59FE5E9318AA6AC000DF81BE /* LGServiceGroup.m */ = {isa = PBXFileReference; fileEncoding = 4; lastKnownFileType = sourcecode.c.objc; path = LGServiceGroup.m; sourceTree = "<group>"; };
		59FE5E9418AA6AC000DF81BE /* LGServiceType.h */ = {isa = PBXFileReference; fileEncoding = 4; lastKnownFileType = sourcecode.c.h; path = LGServiceType.h; sourceTree = "<group>"; };
		59FE5E9518AA6AC000DF81BE /* LGServiceType.m */ = {isa = PBXFileReference; fileEncoding = 4; lastKnownFileType = sourcecode.c.objc; path = LGServiceType.m; sourceTree = "<group>"; };
		59FE5E9618AA6AC000DF81BE /* LGSet.h */ = {isa = PBXFileReference; fileEncoding = 4; lastKnownFileType = sourcecode.c.h; path = LGSet.h; sourceTree = "<group>"; };
		59FE5E9718AA6AC000DF81BE /* LGSet.m */ = {isa = PBXFileReference; fileEncoding = 4; lastKnownFileType = sourcecode.c.objc; path = LGSet.m; sourceTree = "<group>"; };
		59FE5E9818AA6AC000DF81BE /* LGStack.h */ = {isa = PBXFileReference; fileEncoding = 4; lastKnownFileType = sourcecode.c.h; path = LGStack.h; sourceTree = "<group>"; };
		59FE5E9918AA6AC000DF81BE /* LGStack.m */ = {isa = PBXFileReference; fileEncoding = 4; lastKnownFileType = sourcecode.c.objc; path = LGStack.m; sourceTree = "<group>"; };
		59FE5E9A18AA6AC000DF81BE /* NSArray+LGCSVParser.h */ = {isa = PBXFileReference; fileEncoding = 4; lastKnownFileType = sourcecode.c.h; path = "NSArray+LGCSVParser.h"; sourceTree = "<group>"; };
		59FE5E9B18AA6AC000DF81BE /* NSArray+LGCSVParser.m */ = {isa = PBXFileReference; fileEncoding = 4; lastKnownFileType = sourcecode.c.objc; path = "NSArray+LGCSVParser.m"; sourceTree = "<group>"; };
/* End PBXFileReference section */

/* Begin PBXFrameworksBuildPhase section */
		59FE5E4918AA6A3D00DF81BE /* Frameworks */ = {
			isa = PBXFrameworksBuildPhase;
			buildActionMask = 2147483647;
			files = (
				59FE5E5018AA6A3D00DF81BE /* Cocoa.framework in Frameworks */,
			);
			runOnlyForDeploymentPostprocessing = 0;
		};
		59FE5E6D18AA6A3D00DF81BE /* Frameworks */ = {
			isa = PBXFrameworksBuildPhase;
			buildActionMask = 2147483647;
			files = (
				59FE5E7318AA6A3D00DF81BE /* Cocoa.framework in Frameworks */,
				59FE5E7218AA6A3D00DF81BE /* XCTest.framework in Frameworks */,
			);
			runOnlyForDeploymentPostprocessing = 0;
		};
/* End PBXFrameworksBuildPhase section */

/* Begin PBXGroup section */
		5916851E18B25E94009981D8 /* OrdinalNumber */ = {
			isa = PBXGroup;
			children = (
				59FE5E8C18AA6AC000DF81BE /* LGOrdinalNumberScheme.h */,
				59FE5E8D18AA6AC000DF81BE /* LGOrdinalNumberScheme.m */,
				59FE5E8A18AA6AC000DF81BE /* LGOrdinalNumber.h */,
				59E492C718CF5A830032C9AB /* LGOrdinalNumberProtected.h */,
				59FE5E8B18AA6AC000DF81BE /* LGOrdinalNumber.m */,
				59FE5E8618AA6AC000DF81BE /* LGMutableOrdinalNumber.h */,
				59FE5E8718AA6AC000DF81BE /* LGMutableOrdinalNumber.m */,
			);
			name = OrdinalNumber;
			sourceTree = "<group>";
		};
		5916851F18B25EAB009981D8 /* CSVParser */ = {
			isa = PBXGroup;
			children = (
				59FE5E9A18AA6AC000DF81BE /* NSArray+LGCSVParser.h */,
				59FE5E9B18AA6AC000DF81BE /* NSArray+LGCSVParser.m */,
			);
			name = CSVParser;
			sourceTree = "<group>";
		};
		5916852018B25EBE009981D8 /* Helper */ = {
			isa = PBXGroup;
			children = (
				5916852518B2620C009981D8 /* LGErrors.h */,
				5916852618B2620C009981D8 /* LGErrors.m */,
				59FE5E9618AA6AC000DF81BE /* LGSet.h */,
				59FE5E9718AA6AC000DF81BE /* LGSet.m */,
				59FE5E9818AA6AC000DF81BE /* LGStack.h */,
				59FE5E9918AA6AC000DF81BE /* LGStack.m */,
			);
			name = Helper;
			sourceTree = "<group>";
		};
		59FE5E4318AA6A3D00DF81BE = {
			isa = PBXGroup;
			children = (
				59FE5E5518AA6A3D00DF81BE /* LV Konverter */,
				59FE5E7618AA6A3D00DF81BE /* LV KonverterTests */,
				59FE5E4E18AA6A3D00DF81BE /* Frameworks */,
				59FE5E4D18AA6A3D00DF81BE /* Products */,
			);
			sourceTree = "<group>";
		};
		59FE5E4D18AA6A3D00DF81BE /* Products */ = {
			isa = PBXGroup;
			children = (
				59FE5E4C18AA6A3D00DF81BE /* LV Konverter.app */,
				59FE5E7018AA6A3D00DF81BE /* LV KonverterTests.xctest */,
			);
			name = Products;
			sourceTree = "<group>";
		};
		59FE5E4E18AA6A3D00DF81BE /* Frameworks */ = {
			isa = PBXGroup;
			children = (
				59FE5E4F18AA6A3D00DF81BE /* Cocoa.framework */,
				59FE5E7118AA6A3D00DF81BE /* XCTest.framework */,
				59FE5E5118AA6A3D00DF81BE /* Other Frameworks */,
			);
			name = Frameworks;
			sourceTree = "<group>";
		};
		59FE5E5118AA6A3D00DF81BE /* Other Frameworks */ = {
			isa = PBXGroup;
			children = (
				59FE5E5218AA6A3D00DF81BE /* AppKit.framework */,
				59FE5E5318AA6A3D00DF81BE /* CoreData.framework */,
				59FE5E5418AA6A3D00DF81BE /* Foundation.framework */,
			);
			name = "Other Frameworks";
			sourceTree = "<group>";
		};
		59FE5E5518AA6A3D00DF81BE /* LV Konverter */ = {
			isa = PBXGroup;
			children = (
				59FE5E6118AA6A3D00DF81BE /* LGDocument.h */,
				59FE5E6218AA6A3D00DF81BE /* LGDocument.m */,
				5998D924197AAC5900F42A9B /* LGApplicationDelegate.h */,
				5998D925197AAC5900F42A9B /* LGApplicationDelegate.m */,
				59FE5E6418AA6A3D00DF81BE /* LGDocument.xib */,
				59A37D4318C3761900129997 /* ErrorSheet.xib */,
				59FE5E6718AA6A3D00DF81BE /* MainMenu.xib */,
				59FE5E6A18AA6A3D00DF81BE /* Images.xcassets */,
				59FE5EA718AA6AC700DF81BE /* Model */,
				59FE5E5618AA6A3D00DF81BE /* Supporting Files */,
			);
			path = "LV Konverter";
			sourceTree = "<group>";
		};
		59FE5E5618AA6A3D00DF81BE /* Supporting Files */ = {
			isa = PBXGroup;
			children = (
				59FE5E5718AA6A3D00DF81BE /* LV Konverter-Info.plist */,
				59FE5E5818AA6A3D00DF81BE /* InfoPlist.strings */,
				59FE5E5B18AA6A3D00DF81BE /* main.m */,
				59FE5E5D18AA6A3D00DF81BE /* LV Konverter-Prefix.pch */,
				59FE5E5E18AA6A3D00DF81BE /* Credits.rtf */,
			);
			name = "Supporting Files";
			sourceTree = "<group>";
		};
		59FE5E7618AA6A3D00DF81BE /* LV KonverterTests */ = {
			isa = PBXGroup;
			children = (
				59FE5E7C18AA6A3D00DF81BE /* LV_KonverterTests.m */,
				59FE5E7718AA6A3D00DF81BE /* Supporting Files */,
			);
			path = "LV KonverterTests";
			sourceTree = "<group>";
		};
		59FE5E7718AA6A3D00DF81BE /* Supporting Files */ = {
			isa = PBXGroup;
			children = (
				59FE5E7818AA6A3D00DF81BE /* LV KonverterTests-Info.plist */,
				59FE5E7918AA6A3D00DF81BE /* InfoPlist.strings */,
			);
			name = "Supporting Files";
			sourceTree = "<group>";
		};
		59FE5EA718AA6AC700DF81BE /* Model */ = {
			isa = PBXGroup;
			children = (
				59FE5E9018AA6AC000DF81BE /* LGServiceDirectory.h */,
				59FE5E9118AA6AC000DF81BE /* LGServiceDirectory.m */,
				59FE5E9218AA6AC000DF81BE /* LGServiceGroup.h */,
				59FE5E9318AA6AC000DF81BE /* LGServiceGroup.m */,
				59FE5E8E18AA6AC000DF81BE /* LGService.h */,
				59FE5E8F18AA6AC000DF81BE /* LGService.m */,
				59FE5E9418AA6AC000DF81BE /* LGServiceType.h */,
				59FE5E9518AA6AC000DF81BE /* LGServiceType.m */,
				59FE5E8818AA6AC000DF81BE /* LGNode.h */,
				59FE5E8918AA6AC000DF81BE /* LGNode.m */,
				5916852018B25EBE009981D8 /* Helper */,
				5916851E18B25E94009981D8 /* OrdinalNumber */,
				5916851F18B25EAB009981D8 /* CSVParser */,
			);
			name = Model;
			sourceTree = "<group>";
		};
/* End PBXGroup section */

/* Begin PBXNativeTarget section */
		59FE5E4B18AA6A3D00DF81BE /* LV Konverter */ = {
			isa = PBXNativeTarget;
			buildConfigurationList = 59FE5E8018AA6A3D00DF81BE /* Build configuration list for PBXNativeTarget "LV Konverter" */;
			buildPhases = (
				59FE5E4818AA6A3D00DF81BE /* Sources */,
				59FE5E4918AA6A3D00DF81BE /* Frameworks */,
				59FE5E4A18AA6A3D00DF81BE /* Resources */,
			);
			buildRules = (
			);
			dependencies = (
			);
			name = "LV Konverter";
			productName = "LV Konverter";
			productReference = 59FE5E4C18AA6A3D00DF81BE /* LV Konverter.app */;
			productType = "com.apple.product-type.application";
		};
		59FE5E6F18AA6A3D00DF81BE /* LV KonverterTests */ = {
			isa = PBXNativeTarget;
			buildConfigurationList = 59FE5E8318AA6A3D00DF81BE /* Build configuration list for PBXNativeTarget "LV KonverterTests" */;
			buildPhases = (
				59FE5E6C18AA6A3D00DF81BE /* Sources */,
				59FE5E6D18AA6A3D00DF81BE /* Frameworks */,
				59FE5E6E18AA6A3D00DF81BE /* Resources */,
			);
			buildRules = (
			);
			dependencies = (
				59FE5E7518AA6A3D00DF81BE /* PBXTargetDependency */,
			);
			name = "LV KonverterTests";
			productName = "LV KonverterTests";
			productReference = 59FE5E7018AA6A3D00DF81BE /* LV KonverterTests.xctest */;
			productType = "com.apple.product-type.bundle.unit-test";
		};
/* End PBXNativeTarget section */

/* Begin PBXProject section */
		59FE5E4418AA6A3D00DF81BE /* Project object */ = {
			isa = PBXProject;
			attributes = {
				CLASSPREFIX = LG;
				LastUpgradeCheck = 1160;
				ORGANIZATIONNAME = "Luis Gerhorst";
				TargetAttributes = {
					59FE5E6F18AA6A3D00DF81BE = {
						TestTargetID = 59FE5E4B18AA6A3D00DF81BE;
					};
				};
			};
			buildConfigurationList = 59FE5E4718AA6A3D00DF81BE /* Build configuration list for PBXProject "LV Konverter" */;
			compatibilityVersion = "Xcode 11.4";
			developmentRegion = en;
			hasScannedForEncodings = 0;
			knownRegions = (
				en,
				Base,
			);
			mainGroup = 59FE5E4318AA6A3D00DF81BE;
			productRefGroup = 59FE5E4D18AA6A3D00DF81BE /* Products */;
			projectDirPath = "";
			projectRoot = "";
			targets = (
				59FE5E4B18AA6A3D00DF81BE /* LV Konverter */,
				59FE5E6F18AA6A3D00DF81BE /* LV KonverterTests */,
			);
		};
/* End PBXProject section */

/* Begin PBXResourcesBuildPhase section */
		59FE5E4A18AA6A3D00DF81BE /* Resources */ = {
			isa = PBXResourcesBuildPhase;
			buildActionMask = 2147483647;
			files = (
				59FE5E5A18AA6A3D00DF81BE /* InfoPlist.strings in Resources */,
				59FE5E6B18AA6A3D00DF81BE /* Images.xcassets in Resources */,
				59FE5E6018AA6A3D00DF81BE /* Credits.rtf in Resources */,
				59FE5E6618AA6A3D00DF81BE /* LGDocument.xib in Resources */,
				59A37D4418C3761900129997 /* ErrorSheet.xib in Resources */,
				59FE5E6918AA6A3D00DF81BE /* MainMenu.xib in Resources */,
			);
			runOnlyForDeploymentPostprocessing = 0;
		};
		59FE5E6E18AA6A3D00DF81BE /* Resources */ = {
			isa = PBXResourcesBuildPhase;
			buildActionMask = 2147483647;
			files = (
				59FE5E7B18AA6A3D00DF81BE /* InfoPlist.strings in Resources */,
			);
			runOnlyForDeploymentPostprocessing = 0;
		};
/* End PBXResourcesBuildPhase section */

/* Begin PBXSourcesBuildPhase section */
		59FE5E4818AA6A3D00DF81BE /* Sources */ = {
			isa = PBXSourcesBuildPhase;
			buildActionMask = 2147483647;
			files = (
				5998D926197AAC5900F42A9B /* LGApplicationDelegate.m in Sources */,
				5916852718B2620C009981D8 /* LGErrors.m in Sources */,
				59FE5EA418AA6AC000DF81BE /* LGSet.m in Sources */,
				59FE5EA518AA6AC000DF81BE /* LGStack.m in Sources */,
				59FE5EA618AA6AC000DF81BE /* NSArray+LGCSVParser.m in Sources */,
				59FE5EA118AA6AC000DF81BE /* LGServiceDirectory.m in Sources */,
				59FE5E9E18AA6AC000DF81BE /* LGOrdinalNumber.m in Sources */,
				59FE5EA018AA6AC000DF81BE /* LGService.m in Sources */,
				59FE5E9D18AA6AC000DF81BE /* LGNode.m in Sources */,
				59FE5E5C18AA6A3D00DF81BE /* main.m in Sources */,
				59FE5EA218AA6AC000DF81BE /* LGServiceGroup.m in Sources */,
				59FE5E6318AA6A3D00DF81BE /* LGDocument.m in Sources */,
				59FE5E9F18AA6AC000DF81BE /* LGOrdinalNumberScheme.m in Sources */,
				59FE5EA318AA6AC000DF81BE /* LGServiceType.m in Sources */,
				59FE5E9C18AA6AC000DF81BE /* LGMutableOrdinalNumber.m in Sources */,
			);
			runOnlyForDeploymentPostprocessing = 0;
		};
		59FE5E6C18AA6A3D00DF81BE /* Sources */ = {
			isa = PBXSourcesBuildPhase;
			buildActionMask = 2147483647;
			files = (
				59FE5E7D18AA6A3D00DF81BE /* LV_KonverterTests.m in Sources */,
			);
			runOnlyForDeploymentPostprocessing = 0;
		};
/* End PBXSourcesBuildPhase section */

/* Begin PBXTargetDependency section */
		59FE5E7518AA6A3D00DF81BE /* PBXTargetDependency */ = {
			isa = PBXTargetDependency;
			target = 59FE5E4B18AA6A3D00DF81BE /* LV Konverter */;
			targetProxy = 59FE5E7418AA6A3D00DF81BE /* PBXContainerItemProxy */;
		};
/* End PBXTargetDependency section */

/* Begin PBXVariantGroup section */
		59FE5E5818AA6A3D00DF81BE /* InfoPlist.strings */ = {
			isa = PBXVariantGroup;
			children = (
				59FE5E5918AA6A3D00DF81BE /* en */,
			);
			name = InfoPlist.strings;
			sourceTree = "<group>";
		};
		59FE5E5E18AA6A3D00DF81BE /* Credits.rtf */ = {
			isa = PBXVariantGroup;
			children = (
				59FE5E5F18AA6A3D00DF81BE /* en */,
			);
			name = Credits.rtf;
			sourceTree = "<group>";
		};
		59FE5E6418AA6A3D00DF81BE /* LGDocument.xib */ = {
			isa = PBXVariantGroup;
			children = (
				59FE5E6518AA6A3D00DF81BE /* Base */,
			);
			name = LGDocument.xib;
			sourceTree = "<group>";
		};
		59FE5E6718AA6A3D00DF81BE /* MainMenu.xib */ = {
			isa = PBXVariantGroup;
			children = (
				59FE5E6818AA6A3D00DF81BE /* Base */,
			);
			name = MainMenu.xib;
			sourceTree = "<group>";
		};
		59FE5E7918AA6A3D00DF81BE /* InfoPlist.strings */ = {
			isa = PBXVariantGroup;
			children = (
				59FE5E7A18AA6A3D00DF81BE /* en */,
			);
			name = InfoPlist.strings;
			sourceTree = "<group>";
		};
/* End PBXVariantGroup section */

/* Begin XCBuildConfiguration section */
		59FE5E7E18AA6A3D00DF81BE /* Debug */ = {
			isa = XCBuildConfiguration;
			buildSettings = {
				ALWAYS_SEARCH_USER_PATHS = NO;
				CLANG_ANALYZER_LOCALIZABILITY_NONLOCALIZED = YES;
				CLANG_CXX_LANGUAGE_STANDARD = "gnu++0x";
				CLANG_CXX_LIBRARY = "libc++";
				CLANG_ENABLE_OBJC_ARC = YES;
				CLANG_WARN_BLOCK_CAPTURE_AUTORELEASING = YES;
				CLANG_WARN_BOOL_CONVERSION = YES;
				CLANG_WARN_COMMA = YES;
				CLANG_WARN_CONSTANT_CONVERSION = YES;
				CLANG_WARN_DEPRECATED_OBJC_IMPLEMENTATIONS = YES;
				CLANG_WARN_DIRECT_OBJC_ISA_USAGE = YES_ERROR;
				CLANG_WARN_EMPTY_BODY = YES;
				CLANG_WARN_ENUM_CONVERSION = YES;
				CLANG_WARN_INFINITE_RECURSION = YES;
				CLANG_WARN_INT_CONVERSION = YES;
				CLANG_WARN_NON_LITERAL_NULL_CONVERSION = YES;
				CLANG_WARN_OBJC_IMPLICIT_RETAIN_SELF = YES;
				CLANG_WARN_OBJC_LITERAL_CONVERSION = YES;
				CLANG_WARN_OBJC_ROOT_CLASS = YES_ERROR;
				CLANG_WARN_RANGE_LOOP_ANALYSIS = YES;
				CLANG_WARN_STRICT_PROTOTYPES = YES;
				CLANG_WARN_SUSPICIOUS_MOVE = YES;
				CLANG_WARN_UNREACHABLE_CODE = YES;
				CLANG_WARN__DUPLICATE_METHOD_MATCH = YES;
				COPY_PHASE_STRIP = NO;
				ENABLE_STRICT_OBJC_MSGSEND = YES;
				ENABLE_TESTABILITY = YES;
				GCC_C_LANGUAGE_STANDARD = gnu99;
				GCC_DYNAMIC_NO_PIC = NO;
				GCC_ENABLE_OBJC_EXCEPTIONS = YES;
				GCC_NO_COMMON_BLOCKS = YES;
				GCC_OPTIMIZATION_LEVEL = 0;
				GCC_PREPROCESSOR_DEFINITIONS = (
					"DEBUG=1",
					"$(inherited)",
				);
				GCC_SYMBOLS_PRIVATE_EXTERN = NO;
				GCC_WARN_64_TO_32_BIT_CONVERSION = YES;
				GCC_WARN_ABOUT_RETURN_TYPE = YES_ERROR;
				GCC_WARN_UNDECLARED_SELECTOR = YES;
				GCC_WARN_UNINITIALIZED_AUTOS = YES;
				GCC_WARN_UNUSED_FUNCTION = YES;
				GCC_WARN_UNUSED_VARIABLE = YES;
				MACOSX_DEPLOYMENT_TARGET = 10.8;
				ONLY_ACTIVE_ARCH = YES;
				SDKROOT = macosx;
			};
			name = Debug;
		};
		59FE5E7F18AA6A3D00DF81BE /* Release */ = {
			isa = XCBuildConfiguration;
			buildSettings = {
				ALWAYS_SEARCH_USER_PATHS = NO;
				CLANG_ANALYZER_LOCALIZABILITY_NONLOCALIZED = YES;
				CLANG_CXX_LANGUAGE_STANDARD = "gnu++0x";
				CLANG_CXX_LIBRARY = "libc++";
				CLANG_ENABLE_OBJC_ARC = YES;
				CLANG_WARN_BLOCK_CAPTURE_AUTORELEASING = YES;
				CLANG_WARN_BOOL_CONVERSION = YES;
				CLANG_WARN_COMMA = YES;
				CLANG_WARN_CONSTANT_CONVERSION = YES;
				CLANG_WARN_DEPRECATED_OBJC_IMPLEMENTATIONS = YES;
				CLANG_WARN_DIRECT_OBJC_ISA_USAGE = YES_ERROR;
				CLANG_WARN_EMPTY_BODY = YES;
				CLANG_WARN_ENUM_CONVERSION = YES;
				CLANG_WARN_INFINITE_RECURSION = YES;
				CLANG_WARN_INT_CONVERSION = YES;
				CLANG_WARN_NON_LITERAL_NULL_CONVERSION = YES;
				CLANG_WARN_OBJC_IMPLICIT_RETAIN_SELF = YES;
				CLANG_WARN_OBJC_LITERAL_CONVERSION = YES;
				CLANG_WARN_OBJC_ROOT_CLASS = YES_ERROR;
				CLANG_WARN_RANGE_LOOP_ANALYSIS = YES;
				CLANG_WARN_STRICT_PROTOTYPES = YES;
				CLANG_WARN_SUSPICIOUS_MOVE = YES;
				CLANG_WARN_UNREACHABLE_CODE = YES;
				CLANG_WARN__DUPLICATE_METHOD_MATCH = YES;
				COPY_PHASE_STRIP = YES;
				DEBUG_INFORMATION_FORMAT = "dwarf-with-dsym";
				ENABLE_NS_ASSERTIONS = NO;
				ENABLE_STRICT_OBJC_MSGSEND = YES;
				GCC_C_LANGUAGE_STANDARD = gnu99;
				GCC_ENABLE_OBJC_EXCEPTIONS = YES;
				GCC_NO_COMMON_BLOCKS = YES;
				GCC_WARN_64_TO_32_BIT_CONVERSION = YES;
				GCC_WARN_ABOUT_RETURN_TYPE = YES_ERROR;
				GCC_WARN_UNDECLARED_SELECTOR = YES;
				GCC_WARN_UNINITIALIZED_AUTOS = YES;
				GCC_WARN_UNUSED_FUNCTION = YES;
				GCC_WARN_UNUSED_VARIABLE = YES;
				MACOSX_DEPLOYMENT_TARGET = 10.8;
				SDKROOT = macosx;
			};
			name = Release;
		};
		59FE5E8118AA6A3D00DF81BE /* Debug */ = {
			isa = XCBuildConfiguration;
			buildSettings = {
				ASSETCATALOG_COMPILER_APPICON_NAME = AppIcon;
				CODE_SIGN_IDENTITY = "Apple Development";
				CODE_SIGN_STYLE = Manual;
				COMBINE_HIDPI_IMAGES = YES;
				DEVELOPMENT_TEAM = Q33BKEDVN9;
				GCC_PRECOMPILE_PREFIX_HEADER = YES;
				GCC_PREFIX_HEADER = "LV Konverter/LV Konverter-Prefix.pch";
				INFOPLIST_FILE = "LV Konverter/LV Konverter-Info.plist";
				MARKETING_VERSION = 1.0.3;
				PRODUCT_BUNDLE_IDENTIFIER = "Luis-Gerhorst.$(PRODUCT_NAME:rfc1034identifier)";
				PRODUCT_NAME = "$(TARGET_NAME)";
				PROVISIONING_PROFILE_SPECIFIER = "";
				WRAPPER_EXTENSION = app;
			};
			name = Debug;
		};
		59FE5E8218AA6A3D00DF81BE /* Release */ = {
			isa = XCBuildConfiguration;
			buildSettings = {
				ASSETCATALOG_COMPILER_APPICON_NAME = AppIcon;
				CODE_SIGN_IDENTITY = "Apple Development";
				CODE_SIGN_STYLE = Manual;
				COMBINE_HIDPI_IMAGES = YES;
				DEVELOPMENT_TEAM = Q33BKEDVN9;
				GCC_PRECOMPILE_PREFIX_HEADER = YES;
				GCC_PREFIX_HEADER = "LV Konverter/LV Konverter-Prefix.pch";
				INFOPLIST_FILE = "LV Konverter/LV Konverter-Info.plist";
				MARKETING_VERSION = 1.0.3;
				PRODUCT_BUNDLE_IDENTIFIER = "Luis-Gerhorst.$(PRODUCT_NAME:rfc1034identifier)";
				PRODUCT_NAME = "$(TARGET_NAME)";
				PROVISIONING_PROFILE_SPECIFIER = "";
				WRAPPER_EXTENSION = app;
			};
			name = Release;
		};
		59FE5E8418AA6A3D00DF81BE /* Debug */ = {
			isa = XCBuildConfiguration;
			buildSettings = {
				BUNDLE_LOADER = "$(BUILT_PRODUCTS_DIR)/LV Konverter.app/Contents/MacOS/LV Konverter";
				COMBINE_HIDPI_IMAGES = YES;
				FRAMEWORK_SEARCH_PATHS = (
					"$(DEVELOPER_FRAMEWORKS_DIR)",
					"$(inherited)",
				);
				GCC_PRECOMPILE_PREFIX_HEADER = YES;
				GCC_PREFIX_HEADER = "LV Konverter/LV Konverter-Prefix.pch";
				GCC_PREPROCESSOR_DEFINITIONS = (
					"DEBUG=1",
					"$(inherited)",
				);
				INFOPLIST_FILE = "LV KonverterTests/LV KonverterTests-Info.plist";
				PRODUCT_BUNDLE_IDENTIFIER = "Luis-Gerhorst.${PRODUCT_NAME:rfc1034identifier}";
				PRODUCT_NAME = "$(TARGET_NAME)";
				TEST_HOST = "$(BUNDLE_LOADER)";
				WRAPPER_EXTENSION = xctest;
			};
			name = Debug;
		};
		59FE5E8518AA6A3D00DF81BE /* Release */ = {
			isa = XCBuildConfiguration;
			buildSettings = {
				BUNDLE_LOADER = "$(BUILT_PRODUCTS_DIR)/LV Konverter.app/Contents/MacOS/LV Konverter";
				COMBINE_HIDPI_IMAGES = YES;
				FRAMEWORK_SEARCH_PATHS = (
					"$(DEVELOPER_FRAMEWORKS_DIR)",
					"$(inherited)",
				);
				GCC_PRECOMPILE_PREFIX_HEADER = YES;
				GCC_PREFIX_HEADER = "LV Konverter/LV Konverter-Prefix.pch";
				INFOPLIST_FILE = "LV KonverterTests/LV KonverterTests-Info.plist";
				PRODUCT_BUNDLE_IDENTIFIER = "Luis-Gerhorst.${PRODUCT_NAME:rfc1034identifier}";
				PRODUCT_NAME = "$(TARGET_NAME)";
				TEST_HOST = "$(BUNDLE_LOADER)";
				WRAPPER_EXTENSION = xctest;
			};
			name = Release;
		};
/* End XCBuildConfiguration section */

/* Begin XCConfigurationList section */
		59FE5E4718AA6A3D00DF81BE /* Build configuration list for PBXProject "LV Konverter" */ = {
			isa = XCConfigurationList;
			buildConfigurations = (
				59FE5E7E18AA6A3D00DF81BE /* Debug */,
				59FE5E7F18AA6A3D00DF81BE /* Release */,
			);
			defaultConfigurationIsVisible = 0;
			defaultConfigurationName = Release;
		};
		59FE5E8018AA6A3D00DF81BE /* Build configuration list for PBXNativeTarget "LV Konverter" */ = {
			isa = XCConfigurationList;
			buildConfigurations = (
				59FE5E8118AA6A3D00DF81BE /* Debug */,
				59FE5E8218AA6A3D00DF81BE /* Release */,
			);
			defaultConfigurationIsVisible = 0;
			defaultConfigurationName = Release;
		};
		59FE5E8318AA6A3D00DF81BE /* Build configuration list for PBXNativeTarget "LV KonverterTests" */ = {
			isa = XCConfigurationList;
			buildConfigurations = (
				59FE5E8418AA6A3D00DF81BE /* Debug */,
				59FE5E8518AA6A3D00DF81BE /* Release */,
			);
			defaultConfigurationIsVisible = 0;
			defaultConfigurationName = Release;
		};
/* End XCConfigurationList section */
	};
	rootObject = 59FE5E4418AA6A3D00DF81BE /* Project object */;
}
